
Microsoft Visual Studio Solution File, Format Version 12.00
# Visual Studio Version 17
VisualStudioVersion = 17.13.35931.197
MinimumVisualStudioVersion = 10.0.40219.1
Project("{FAE04EC0-301F-11D3-BF4B-00C04F79EFBC}") = "LMS", "LMS\LMS.csproj", "{6C9D592F-DD9A-418C-8122-235E7ED2DA38}"
EndProject
Global
	GlobalSection(SolutionConfigurationPlatforms) = preSolution
		Debug|Any CPU = Debug|Any CPU
		Release|Any CPU = Release|Any CPU
	EndGlobalSection
	GlobalSection(ProjectConfigurationPlatforms) = postSolution
		{6C9D592F-DD9A-418C-8122-235E7ED2DA38}.Debug|Any CPU.ActiveCfg = Debug|Any CPU
		{6C9D592F-DD9A-418C-8122-235E7ED2DA38}.Debug|Any CPU.Build.0 = Debug|Any CPU
		{6C9D592F-DD9A-418C-8122-235E7ED2DA38}.Release|Any CPU.ActiveCfg = Release|Any CPU
		{6C9D592F-DD9A-418C-8122-235E7ED2DA38}.Release|Any CPU.Build.0 = Release|Any CPU
	EndGlobalSection
	GlobalSection(SolutionProperties) = preSolution
		HideSolutionNode = FALSE
	EndGlobalSection
	GlobalSection(ExtensibilityGlobals) = postSolution
		SolutionGuid = {8DE4EF58-1443-45B9-B0BE-2077E961976B}
	EndGlobalSection
EndGlobal
